{
  "name": "both-render",
  "version": "1.0.0",
  "lockfileVersion": 1,
  "requires": true,
  "dependencies": {
    "debug": {
      "version": "3.1.0",
      "resolved": "https://registry.npmjs.org/debug/-/debug-3.1.0.tgz",
      "integrity": "sha512-OX8XqP7/1a9cqkxYw2yXss15f26NKWBpDXQd0/uK/KPqdQhxbPa994hnzjcE2VqQpDslf55723cKPUOGSmMY3g==",
      "requires": {
        "ms": "2.0.0"
      }
    },
    "ms": {
      "version": "2.0.0",
      "resolved": "https://registry.npmjs.org/ms/-/ms-2.0.0.tgz",
      "integrity": "sha1-VgiurfwAvmwpAd9fmGF4jeDVl8g="
    },
    "valley-module": {
      "version": "1.0.8",
      "resolved": "https://registry.npmjs.org/valley-module/-/valley-module-1.0.8.tgz",
      "integrity": "sha512-E3NKC+/8gob5CKrg0/w7FTeQgqCUG0dGHhFzDhVqoHXvLqh+ceAlCYvIUqI4UIrJKeYtnDkRW22fOaZhbjC9ZA=="
    },
    "valley-server": {
      "version": "1.0.14",
      "resolved": "https://registry.npmjs.org/valley-server/-/valley-server-1.0.14.tgz",
      "integrity": "sha512-I6RvOt1icWJgLYJ/JnnUmOq9MJkoKaMHWjfHmhyNrF8723jK+Gz20mmwv0O1isKpidIKlmA81EP0tSFS6xXZDA==",
      "requires": {
        "debug": "3.1.0",
        "valley-module": "1.0.8"
      }
    },
    "valley-tpl": {
      "version": "1.0.11",
      "resolved": "https://registry.npmjs.org/valley-tpl/-/valley-tpl-1.0.11.tgz",
      "integrity": "sha512-Df3voPKbF5uX5fYHN49/DV5yRXiZ9Iekf4qiNOj9Z2iZlQj4z7xWRFWmcqSoc/fyTauJ/mbBTXq8EL/al11wuA==",
      "requires": {
        "valley-module": "1.0.8"
      }
    }
  }
}
